
Microsoft Visual Studio Solution File, Format Version 12.00
# Visual Studio 14
VisualStudioVersion = 14.0.23107.0
MinimumVisualStudioVersion = 10.0.40219.1
Project("{FAE04EC0-301F-11D3-BF4B-00C04F79EFBC}") = "svrPair", "svrPair\svrPair.csproj", "{2B91AAA1-B4E3-46C0-8136-0AADA5B9AAFA}"
	ProjectSection(ProjectDependencies) = postProject
		{C173BFFE-F36F-4973-8607-0118B5A6D147} = {C173BFFE-F36F-4973-8607-0118B5A6D147}
	EndProjectSection
EndProject
Project("{FAE04EC0-301F-11D3-BF4B-00C04F79EFBC}") = "cTest", "cTest\cTest.csproj", "{C173BFFE-F36F-4973-8607-0118B5A6D147}"
EndProject
Global
	GlobalSection(SolutionConfigurationPlatforms) = preSolution
		Debug|Any CPU = Debug|Any CPU
		Release|Any CPU = Release|Any CPU
	EndGlobalSection
	GlobalSection(ProjectConfigurationPlatforms) = postSolution
		{2B91AAA1-B4E3-46C0-8136-0AADA5B9AAFA}.Debug|Any CPU.ActiveCfg = Debug|Any CPU
		{2B91AAA1-B4E3-46C0-8136-0AADA5B9AAFA}.Debug|Any CPU.Build.0 = Debug|Any CPU
		{2B91AAA1-B4E3-46C0-8136-0AADA5B9AAFA}.Release|Any CPU.ActiveCfg = Release|Any CPU
		{2B91AAA1-B4E3-46C0-8136-0AADA5B9AAFA}.Release|Any CPU.Build.0 = Release|Any CPU
		{C173BFFE-F36F-4973-8607-0118B5A6D147}.Debug|Any CPU.ActiveCfg = Debug|Any CPU
		{C173BFFE-F36F-4973-8607-0118B5A6D147}.Debug|Any CPU.Build.0 = Debug|Any CPU
		{C173BFFE-F36F-4973-8607-0118B5A6D147}.Release|Any CPU.ActiveCfg = Release|Any CPU
		{C173BFFE-F36F-4973-8607-0118B5A6D147}.Release|Any CPU.Build.0 = Release|Any CPU
	EndGlobalSection
	GlobalSection(SolutionProperties) = preSolution
		HideSolutionNode = FALSE
	EndGlobalSection
EndGlobal
